github.com/barnex/fmath v0.0.0-20150108074215-ec9671f295c2 h1:FOAZHSIFEhocAOfB7LQcZmCEAra7hneHMBPL8Nq/eDk=
github.com/barnex/fmath v0.0.0-20150108074215-ec9671f295c2/go.mod h1:G7XW+2O6Hk/x6OP8AuwZjI8ZTyXvKDTTKaRK92gapfk=
github.com/go-gl/gl v0.0.0-20190320180904-bf2b1f2f34d7 h1:SCYMcCJ89LjRGwEa0tRluNRiMjZHalQZrVrvTbPh+qw=
github.com/go-gl/gl v0.0.0-20190320180904-bf2b1f2f34d7/go.mod h1:482civXOzJJCPzJ4ZOX/pwvXBWSnzD4OKMdH4ClKGbk=
github.com/go-gl/glfw/v3.3/glfw v0.0.0-20201108214237-06ea97f0c265 h1:BcbKYUZo/TKPsiSh7LymK3p+TNAJJW3OfGO/21sBbiA=
github.com/go-gl/glfw/v3.3/glfw v0.0.0-20201108214237-06ea97f0c265/go.mod h1:tQ2UAYgL5IevRw8kRxooKSPJfGvJ9fJQFa0TUsXzTg8=
github.com/ungerik/go3d v0.0.0-20200217190927-d82aececefe9 h1:UB8711q6/u7duvOYgQdAk94MBYndjD/aESY1j+kjI2E=
github.com/ungerik/go3d v0.0.0-20200217190927-d82aececefe9/go.mod h1:K+51Zn76DRybk/9H3P4uJot7sq8cF8vaLIrqTApkqVo=
github.com/veandco/go-sdl2 v0.4.5 h1:GFIjMabK7y2XWpr9sGvN7RDKHt7vrA7XPTUW60eOw+Y=
github.com/veandco/go-sdl2 v0.4.5/go.mod h1:OROqMhHD43nT4/i9crJukyVecjPNYYuCofep6SNiAjY=
